
Microsoft Visual Studio Solution File, Format Version 12.00
# Visual Studio Version 16
VisualStudioVersion = 16.0.31005.135
MinimumVisualStudioVersion = 10.0.40219.1
Project("{9A19103F-16F7-4668-BE54-9A1E7A4F7556}") = "DbExample", "DbExample\DbExample.csproj", "{994D4D4B-884A-4449-853E-F38550D7CBCB}"
EndProject
Project("{FAE04EC0-301F-11D3-BF4B-00C04F79EFBC}") = "EFSamples", "EFSamples\EFSamples.csproj", "{F63B27B7-F3C4-479E-89E0-5F78AC1C979C}"
EndProject
Global
	GlobalSection(SolutionConfigurationPlatforms) = preSolution
		Debug|Any CPU = Debug|Any CPU
		Release|Any CPU = Release|Any CPU
	EndGlobalSection
	GlobalSection(ProjectConfigurationPlatforms) = postSolution
		{994D4D4B-884A-4449-853E-F38550D7CBCB}.Debug|Any CPU.ActiveCfg = Debug|Any CPU
		{994D4D4B-884A-4449-853E-F38550D7CBCB}.Debug|Any CPU.Build.0 = Debug|Any CPU
		{994D4D4B-884A-4449-853E-F38550D7CBCB}.Release|Any CPU.ActiveCfg = Release|Any CPU
		{994D4D4B-884A-4449-853E-F38550D7CBCB}.Release|Any CPU.Build.0 = Release|Any CPU
		{F63B27B7-F3C4-479E-89E0-5F78AC1C979C}.Debug|Any CPU.ActiveCfg = Debug|Any CPU
		{F63B27B7-F3C4-479E-89E0-5F78AC1C979C}.Debug|Any CPU.Build.0 = Debug|Any CPU
		{F63B27B7-F3C4-479E-89E0-5F78AC1C979C}.Release|Any CPU.ActiveCfg = Release|Any CPU
		{F63B27B7-F3C4-479E-89E0-5F78AC1C979C}.Release|Any CPU.Build.0 = Release|Any CPU
	EndGlobalSection
	GlobalSection(SolutionProperties) = preSolution
		HideSolutionNode = FALSE
	EndGlobalSection
	GlobalSection(ExtensibilityGlobals) = postSolution
		SolutionGuid = {AD7C3CE1-40F0-46B9-A61D-86F12D348B32}
	EndGlobalSection
EndGlobal
